
Microsoft Visual Studio Solution File, Format Version 12.00
# Visual Studio Version 16
VisualStudioVersion = 16.0.30907.101
MinimumVisualStudioVersion = 10.0.40219.1
Project("{FAE04EC0-301F-11D3-BF4B-00C04F79EFBC}") = "CorreaApi", "CorreaApi\CorreaApi.csproj", "{AA3594E6-A8FC-47E7-BA49-FC733DA887A8}"
EndProject
Global
	GlobalSection(SolutionConfigurationPlatforms) = preSolution
		Debug|Any CPU = Debug|Any CPU
		Release|Any CPU = Release|Any CPU
	EndGlobalSection
	GlobalSection(ProjectConfigurationPlatforms) = postSolution
		{AA3594E6-A8FC-47E7-BA49-FC733DA887A8}.Debug|Any CPU.ActiveCfg = Debug|Any CPU
		{AA3594E6-A8FC-47E7-BA49-FC733DA887A8}.Debug|Any CPU.Build.0 = Debug|Any CPU
		{AA3594E6-A8FC-47E7-BA49-FC733DA887A8}.Release|Any CPU.ActiveCfg = Release|Any CPU
		{AA3594E6-A8FC-47E7-BA49-FC733DA887A8}.Release|Any CPU.Build.0 = Release|Any CPU
	EndGlobalSection
	GlobalSection(SolutionProperties) = preSolution
		HideSolutionNode = FALSE
	EndGlobalSection
	GlobalSection(ExtensibilityGlobals) = postSolution
		SolutionGuid = {AFB159D8-7D11-4AC7-B12C-8571FBB901DA}
	EndGlobalSection
EndGlobal
